
Microsoft Visual Studio Solution File, Format Version 12.00
# Visual Studio Version 16
VisualStudioVersion = 16.0.30717.126
MinimumVisualStudioVersion = 10.0.40219.1
Project("{FAE04EC0-301F-11D3-BF4B-00C04F79EFBC}") = "MathCalc", "MathCalc\MathCalc.csproj", "{BFD0E758-4D80-4402-A02C-C97B941A6DF3}"
EndProject
Global
	GlobalSection(SolutionConfigurationPlatforms) = preSolution
		Debug|Any CPU = Debug|Any CPU
		Release|Any CPU = Release|Any CPU
	EndGlobalSection
	GlobalSection(ProjectConfigurationPlatforms) = postSolution
		{BFD0E758-4D80-4402-A02C-C97B941A6DF3}.Debug|Any CPU.ActiveCfg = Debug|Any CPU
		{BFD0E758-4D80-4402-A02C-C97B941A6DF3}.Debug|Any CPU.Build.0 = Debug|Any CPU
		{BFD0E758-4D80-4402-A02C-C97B941A6DF3}.Release|Any CPU.ActiveCfg = Release|Any CPU
		{BFD0E758-4D80-4402-A02C-C97B941A6DF3}.Release|Any CPU.Build.0 = Release|Any CPU
	EndGlobalSection
	GlobalSection(SolutionProperties) = preSolution
		HideSolutionNode = FALSE
	EndGlobalSection
	GlobalSection(ExtensibilityGlobals) = postSolution
		SolutionGuid = {1DA5D6FC-F58C-485A-B925-C706090F567E}
	EndGlobalSection
EndGlobal
